<?xml version="1.0" encoding="utf-8"?>
<Project ToolsVersion="4.0" xmlns="http://schemas.microsoft.com/developer/msbuild/2003">
  <ItemGroup>
    <Filter Include="源文件">
      <UniqueIdentifier>{4FC737F1-C7A5-4376-A066-2A32D752A2FF}</UniqueIdentifier>
      <Extensions>cpp;c;cc;cxx;def;odl;idl;hpj;bat;asm;asmx</Extensions>
    </Filter>
    <Filter Include="头文件">
      <UniqueIdentifier>{93995380-89BD-4b04-88EB-625FBE52EBFB}</UniqueIdentifier>
      <Extensions>h;hh;hpp;hxx;hm;inl;inc;ipp;xsd</Extensions>
    </Filter>
    <Filter Include="资源文件">
      <UniqueIdentifier>{67DA6AB6-F800-4c08-8B7A-83BB121AAD01}</UniqueIdentifier>
      <Extensions>rc;ico;cur;bmp;dlg;rc2;rct;bin;rgs;gif;jpg;jpeg;jpe;resx;tiff;tif;png;wav;mfcribbon-ms</Extensions>
    </Filter>
  </ItemGroup>
  <ItemGroup>
    <ClCompile Include="GraphInitiate.cpp">
      <Filter>源文件</Filter>
    </ClCompile>
    <ClCompile Include="InsertVertex.cpp">
      <Filter>源文件</Filter>
    </ClCompile>
    <ClCompile Include="InsertEdge.cpp">
      <Filter>源文件</Filter>
    </ClCompile>
    <ClCompile Include="DeleteEdge.cpp">
      <Filter>源文件</Filter>
    </ClCompile>
    <ClCompile Include="DeleteVertex.cpp">
      <Filter>源文件</Filter>
    </ClCompile>
    <ClCompile Include="GetFirstVex.cpp">
      <Filter>源文件</Filter>
    </ClCompile>
    <ClCompile Include="GetNextVex.cpp">
      <Filter>源文件</Filter>
    </ClCompile>
    <ClCompile Include="CreatGraph.cpp">
      <Filter>源文件</Filter>
    </ClCompile>
    <ClCompile Include="Dijkstra.cpp">
      <Filter>源文件</Filter>
    </ClCompile>
    <ClCompile Include="main.cpp">
      <Filter>源文件</Filter>
    </ClCompile>
    <ClCompile Include="ListInitiate.cpp">
      <Filter>源文件</Filter>
    </ClCompile>
    <ClCompile Include="ListLength.cpp">
      <Filter>源文件</Filter>
    </ClCompile>
    <ClCompile Include="ListInsert.cpp">
      <Filter>源文件</Filter>
    </ClCompile>
    <ClCompile Include="ListDelete.cpp">
      <Filter>源文件</Filter>
    </ClCompile>
    <ClCompile Include="ListGet.cpp">
      <Filter>源文件</Filter>
    </ClCompile>
  </ItemGroup>
  <ItemGroup>
    <ClInclude Include="AdjMGraph.h">
      <Filter>源文件</Filter>
    </ClInclude>
    <ClInclude Include="SeqList.h">
      <Filter>源文件</Filter>
    </ClInclude>
    <ClInclude Include="GraphInitiate.h">
      <Filter>源文件</Filter>
    </ClInclude>
    <ClInclude Include="InsertVertex.h">
      <Filter>源文件</Filter>
    </ClInclude>
    <ClInclude Include="InsertEdge.h">
      <Filter>源文件</Filter>
    </ClInclude>
    <ClInclude Include="DeleteEdge.h">
      <Filter>源文件</Filter>
    </ClInclude>
    <ClInclude Include="DeleteVertex.h">
      <Filter>源文件</Filter>
    </ClInclude>
    <ClInclude Include="GetFirstVex.h">
      <Filter>源文件</Filter>
    </ClInclude>
    <ClInclude Include="GetNextVex.h">
      <Filter>源文件</Filter>
    </ClInclude>
    <ClInclude Include="CreatGraph.h">
      <Filter>源文件</Filter>
    </ClInclude>
    <ClInclude Include="Dijkstra.h">
      <Filter>源文件</Filter>
    </ClInclude>
    <ClInclude Include="ListInitiate.h">
      <Filter>源文件</Filter>
    </ClInclude>
    <ClInclude Include="ListLength.h">
      <Filter>源文件</Filter>
    </ClInclude>
    <ClInclude Include="ListInsert.h">
      <Filter>源文件</Filter>
    </ClInclude>
    <ClInclude Include="ListDelete.h">
      <Filter>源文件</Filter>
    </ClInclude>
    <ClInclude Include="ListGet.h">
      <Filter>源文件</Filter>
    </ClInclude>
  </ItemGroup>
</Project>